// !$*UTF8*$!
{
	archiveVersion = 1;
	classes = {
	};
	objectVersion = 56;
	objects = {

/* Begin PBXBuildFile section */
		E45D05DF2A3B460200F834C1 /* UIcolor+.swift in Sources */ = {isa = PBXBuildFile; fileRef = E45D05DE2A3B460200F834C1 /* UIcolor+.swift */; };
		E45D05E22A3B464900F834C1 /* ButtonDefault.swift in Sources */ = {isa = PBXBuildFile; fileRef = E45D05E12A3B464900F834C1 /* ButtonDefault.swift */; };
		E45D05E42A3B466D00F834C1 /* ImageDefault.swift in Sources */ = {isa = PBXBuildFile; fileRef = E45D05E32A3B466D00F834C1 /* ImageDefault.swift */; };
		E45D05E72A3B46CF00F834C1 /* LabelDefault.swift in Sources */ = {isa = PBXBuildFile; fileRef = E45D05E62A3B46CF00F834C1 /* LabelDefault.swift */; };
		E45D05E92A3B46F000F834C1 /* TextFieldDefault.swift in Sources */ = {isa = PBXBuildFile; fileRef = E45D05E82A3B46F000F834C1 /* TextFieldDefault.swift */; };
		E45D05EC2A3B523A00F834C1 /* RegisterView.swift in Sources */ = {isa = PBXBuildFile; fileRef = E45D05EB2A3B523A00F834C1 /* RegisterView.swift */; };
		E45D05EE2A3B526D00F834C1 /* RegisterViewController.swift in Sources */ = {isa = PBXBuildFile; fileRef = E45D05ED2A3B526D00F834C1 /* RegisterViewController.swift */; };
		E45D05F02A3B541400F834C1 /* RegisterCoordinator.swift in Sources */ = {isa = PBXBuildFile; fileRef = E45D05EF2A3B541400F834C1 /* RegisterCoordinator.swift */; };
		E45D05F52A409A0200F834C1 /* HomeView.swift in Sources */ = {isa = PBXBuildFile; fileRef = E45D05F42A409A0200F834C1 /* HomeView.swift */; };
		E45D05F72A409A4000F834C1 /* HomeViewController.swift in Sources */ = {isa = PBXBuildFile; fileRef = E45D05F62A409A4000F834C1 /* HomeViewController.swift */; };
		E45D05F92A409A7800F834C1 /* HomeCoordinator.swift in Sources */ = {isa = PBXBuildFile; fileRef = E45D05F82A409A7800F834C1 /* HomeCoordinator.swift */; };
		E45D05FB2A40A1D600F834C1 /* ViewControllerDefault.swift in Sources */ = {isa = PBXBuildFile; fileRef = E45D05FA2A40A1D600F834C1 /* ViewControllerDefault.swift */; };
		E45D05FD2A41E75E00F834C1 /* ViewDefault.swift in Sources */ = {isa = PBXBuildFile; fileRef = E45D05FC2A41E75D00F834C1 /* ViewDefault.swift */; };
		E45D06022A49BFF200F834C1 /* TabBarController.swift in Sources */ = {isa = PBXBuildFile; fileRef = E45D06012A49BFF100F834C1 /* TabBarController.swift */; };
		E45D06042A49C04900F834C1 /* SobreView.swift in Sources */ = {isa = PBXBuildFile; fileRef = E45D06032A49C04900F834C1 /* SobreView.swift */; };
		E45D06062A49C07700F834C1 /* NovaOcorrenciaView.swift in Sources */ = {isa = PBXBuildFile; fileRef = E45D06052A49C07700F834C1 /* NovaOcorrenciaView.swift */; };
		E45D06082A49C0BA00F834C1 /* NovaOcorrenciaViewController.swift in Sources */ = {isa = PBXBuildFile; fileRef = E45D06072A49C0BA00F834C1 /* NovaOcorrenciaViewController.swift */; };
		E45D060A2A49C0F700F834C1 /* SobreViewController.swift in Sources */ = {isa = PBXBuildFile; fileRef = E45D06092A49C0F700F834C1 /* SobreViewController.swift */; };
		E45D060C2A49C15500F834C1 /* SobreCoordinator.swift in Sources */ = {isa = PBXBuildFile; fileRef = E45D060B2A49C15500F834C1 /* SobreCoordinator.swift */; };
		E45D060E2A49C18100F834C1 /* TabBarCoordinator.swift in Sources */ = {isa = PBXBuildFile; fileRef = E45D060D2A49C18100F834C1 /* TabBarCoordinator.swift */; };
		E45D06102A49C1BB00F834C1 /* NovaOcorrenciaCoordinator.swift in Sources */ = {isa = PBXBuildFile; fileRef = E45D060F2A49C1BB00F834C1 /* NovaOcorrenciaCoordinator.swift */; };
		E462549F2A2E1037000C9264 /* AppDelegate.swift in Sources */ = {isa = PBXBuildFile; fileRef = E462549E2A2E1037000C9264 /* AppDelegate.swift */; };
		E46254A12A2E1037000C9264 /* SceneDelegate.swift in Sources */ = {isa = PBXBuildFile; fileRef = E46254A02A2E1037000C9264 /* SceneDelegate.swift */; };
		E46254A32A2E1037000C9264 /* ViewController.swift in Sources */ = {isa = PBXBuildFile; fileRef = E46254A22A2E1037000C9264 /* ViewController.swift */; };
		E46254A62A2E1037000C9264 /* Main.storyboard in Resources */ = {isa = PBXBuildFile; fileRef = E46254A42A2E1037000C9264 /* Main.storyboard */; };
		E46254A92A2E1037000C9264 /* AppNotifica.xcdatamodeld in Sources */ = {isa = PBXBuildFile; fileRef = E46254A72A2E1037000C9264 /* AppNotifica.xcdatamodeld */; };
		E46254AB2A2E103A000C9264 /* Assets.xcassets in Resources */ = {isa = PBXBuildFile; fileRef = E46254AA2A2E103A000C9264 /* Assets.xcassets */; };
		E46254AE2A2E103A000C9264 /* LaunchScreen.storyboard in Resources */ = {isa = PBXBuildFile; fileRef = E46254AC2A2E103A000C9264 /* LaunchScreen.storyboard */; };
		E46254B92A2E103B000C9264 /* AppNotificaTests.swift in Sources */ = {isa = PBXBuildFile; fileRef = E46254B82A2E103B000C9264 /* AppNotificaTests.swift */; };
		E46254C32A2E103B000C9264 /* AppNotificaUITests.swift in Sources */ = {isa = PBXBuildFile; fileRef = E46254C22A2E103B000C9264 /* AppNotificaUITests.swift */; };
		E46254C52A2E103B000C9264 /* AppNotificaUITestsLaunchTests.swift in Sources */ = {isa = PBXBuildFile; fileRef = E46254C42A2E103B000C9264 /* AppNotificaUITestsLaunchTests.swift */; };
		E46254D42A2E1C58000C9264 /* Coordinator.swift in Sources */ = {isa = PBXBuildFile; fileRef = E46254D32A2E1C58000C9264 /* Coordinator.swift */; };
		E46254D62A2E1D14000C9264 /* LoginCoordinator.swift in Sources */ = {isa = PBXBuildFile; fileRef = E46254D52A2E1D14000C9264 /* LoginCoordinator.swift */; };
		E46254DA2A2E2037000C9264 /* LoginView.swift in Sources */ = {isa = PBXBuildFile; fileRef = E46254D92A2E2037000C9264 /* LoginView.swift */; };
		E46254DC2A2E2061000C9264 /* LoginViewController.swift in Sources */ = {isa = PBXBuildFile; fileRef = E46254DB2A2E2061000C9264 /* LoginViewController.swift */; };
/* End PBXBuildFile section */

/* Begin PBXContainerItemProxy section */
		E46254B52A2E103B000C9264 /* PBXContainerItemProxy */ = {
			isa = PBXContainerItemProxy;
			containerPortal = E46254932A2E1037000C9264 /* Project object */;
			proxyType = 1;
			remoteGlobalIDString = E462549A2A2E1037000C9264;
			remoteInfo = AppNotifica;
		};
		E46254BF2A2E103B000C9264 /* PBXContainerItemProxy */ = {
			isa = PBXContainerItemProxy;
			containerPortal = E46254932A2E1037000C9264 /* Project object */;
			proxyType = 1;
			remoteGlobalIDString = E462549A2A2E1037000C9264;
			remoteInfo = AppNotifica;
		};
/* End PBXContainerItemProxy section */

/* Begin PBXFileReference section */
		E45D05DE2A3B460200F834C1 /* UIcolor+.swift */ = {isa = PBXFileReference; lastKnownFileType = sourcecode.swift; path = "UIcolor+.swift"; sourceTree = "<group>"; };
		E45D05E12A3B464900F834C1 /* ButtonDefault.swift */ = {isa = PBXFileReference; lastKnownFileType = sourcecode.swift; path = ButtonDefault.swift; sourceTree = "<group>"; };
		E45D05E32A3B466D00F834C1 /* ImageDefault.swift */ = {isa = PBXFileReference; lastKnownFileType = sourcecode.swift; path = ImageDefault.swift; sourceTree = "<group>"; };
		E45D05E62A3B46CF00F834C1 /* LabelDefault.swift */ = {isa = PBXFileReference; lastKnownFileType = sourcecode.swift; path = LabelDefault.swift; sourceTree = "<group>"; };
		E45D05E82A3B46F000F834C1 /* TextFieldDefault.swift */ = {isa = PBXFileReference; lastKnownFileType = sourcecode.swift; path = TextFieldDefault.swift; sourceTree = "<group>"; };
		E45D05EB2A3B523A00F834C1 /* RegisterView.swift */ = {isa = PBXFileReference; lastKnownFileType = sourcecode.swift; path = RegisterView.swift; sourceTree = "<group>"; };
		E45D05ED2A3B526D00F834C1 /* RegisterViewController.swift */ = {isa = PBXFileReference; lastKnownFileType = sourcecode.swift; path = RegisterViewController.swift; sourceTree = "<group>"; };
		E45D05EF2A3B541400F834C1 /* RegisterCoordinator.swift */ = {isa = PBXFileReference; lastKnownFileType = sourcecode.swift; path = RegisterCoordinator.swift; sourceTree = "<group>"; };
		E45D05F42A409A0200F834C1 /* HomeView.swift */ = {isa = PBXFileReference; lastKnownFileType = sourcecode.swift; path = HomeView.swift; sourceTree = "<group>"; };
		E45D05F62A409A4000F834C1 /* HomeViewController.swift */ = {isa = PBXFileReference; lastKnownFileType = sourcecode.swift; path = HomeViewController.swift; sourceTree = "<group>"; };
		E45D05F82A409A7800F834C1 /* HomeCoordinator.swift */ = {isa = PBXFileReference; lastKnownFileType = sourcecode.swift; path = HomeCoordinator.swift; sourceTree = "<group>"; };
		E45D05FA2A40A1D600F834C1 /* ViewControllerDefault.swift */ = {isa = PBXFileReference; lastKnownFileType = sourcecode.swift; path = ViewControllerDefault.swift; sourceTree = "<group>"; };
		E45D05FC2A41E75D00F834C1 /* ViewDefault.swift */ = {isa = PBXFileReference; lastKnownFileType = sourcecode.swift; path = ViewDefault.swift; sourceTree = "<group>"; };
		E45D06012A49BFF100F834C1 /* TabBarController.swift */ = {isa = PBXFileReference; lastKnownFileType = sourcecode.swift; path = TabBarController.swift; sourceTree = "<group>"; };
		E45D06032A49C04900F834C1 /* SobreView.swift */ = {isa = PBXFileReference; lastKnownFileType = sourcecode.swift; path = SobreView.swift; sourceTree = "<group>"; };
		E45D06052A49C07700F834C1 /* NovaOcorrenciaView.swift */ = {isa = PBXFileReference; lastKnownFileType = sourcecode.swift; path = NovaOcorrenciaView.swift; sourceTree = "<group>"; };
		E45D06072A49C0BA00F834C1 /* NovaOcorrenciaViewController.swift */ = {isa = PBXFileReference; lastKnownFileType = sourcecode.swift; path = NovaOcorrenciaViewController.swift; sourceTree = "<group>"; };
		E45D06092A49C0F700F834C1 /* SobreViewController.swift */ = {isa = PBXFileReference; lastKnownFileType = sourcecode.swift; path = SobreViewController.swift; sourceTree = "<group>"; };
		E45D060B2A49C15500F834C1 /* SobreCoordinator.swift */ = {isa = PBXFileReference; lastKnownFileType = sourcecode.swift; path = SobreCoordinator.swift; sourceTree = "<group>"; };
		E45D060D2A49C18100F834C1 /* TabBarCoordinator.swift */ = {isa = PBXFileReference; lastKnownFileType = sourcecode.swift; path = TabBarCoordinator.swift; sourceTree = "<group>"; };
		E45D060F2A49C1BB00F834C1 /* NovaOcorrenciaCoordinator.swift */ = {isa = PBXFileReference; lastKnownFileType = sourcecode.swift; path = NovaOcorrenciaCoordinator.swift; sourceTree = "<group>"; };
		E462549B2A2E1037000C9264 /* AppNotifica.app */ = {isa = PBXFileReference; explicitFileType = wrapper.application; includeInIndex = 0; path = AppNotifica.app; sourceTree = BUILT_PRODUCTS_DIR; };
		E462549E2A2E1037000C9264 /* AppDelegate.swift */ = {isa = PBXFileReference; lastKnownFileType = sourcecode.swift; path = AppDelegate.swift; sourceTree = "<group>"; };
		E46254A02A2E1037000C9264 /* SceneDelegate.swift */ = {isa = PBXFileReference; lastKnownFileType = sourcecode.swift; path = SceneDelegate.swift; sourceTree = "<group>"; };
		E46254A22A2E1037000C9264 /* ViewController.swift */ = {isa = PBXFileReference; lastKnownFileType = sourcecode.swift; path = ViewController.swift; sourceTree = "<group>"; };
		E46254A52A2E1037000C9264 /* Base */ = {isa = PBXFileReference; lastKnownFileType = file.storyboard; name = Base; path = Base.lproj/Main.storyboard; sourceTree = "<group>"; };
		E46254A82A2E1037000C9264 /* AppNotifica.xcdatamodel */ = {isa = PBXFileReference; lastKnownFileType = wrapper.xcdatamodel; path = AppNotifica.xcdatamodel; sourceTree = "<group>"; };
		E46254AA2A2E103A000C9264 /* Assets.xcassets */ = {isa = PBXFileReference; lastKnownFileType = folder.assetcatalog; path = Assets.xcassets; sourceTree = "<group>"; };
		E46254AD2A2E103A000C9264 /* Base */ = {isa = PBXFileReference; lastKnownFileType = file.storyboard; name = Base; path = Base.lproj/LaunchScreen.storyboard; sourceTree = "<group>"; };
		E46254AF2A2E103A000C9264 /* Info.plist */ = {isa = PBXFileReference; lastKnownFileType = text.plist.xml; path = Info.plist; sourceTree = "<group>"; };
		E46254B42A2E103B000C9264 /* AppNotificaTests.xctest */ = {isa = PBXFileReference; explicitFileType = wrapper.cfbundle; includeInIndex = 0; path = AppNotificaTests.xctest; sourceTree = BUILT_PRODUCTS_DIR; };
		E46254B82A2E103B000C9264 /* AppNotificaTests.swift */ = {isa = PBXFileReference; lastKnownFileType = sourcecode.swift; path = AppNotificaTests.swift; sourceTree = "<group>"; };
		E46254BE2A2E103B000C9264 /* AppNotificaUITests.xctest */ = {isa = PBXFileReference; explicitFileType = wrapper.cfbundle; includeInIndex = 0; path = AppNotificaUITests.xctest; sourceTree = BUILT_PRODUCTS_DIR; };
		E46254C22A2E103B000C9264 /* AppNotificaUITests.swift */ = {isa = PBXFileReference; lastKnownFileType = sourcecode.swift; path = AppNotificaUITests.swift; sourceTree = "<group>"; };
		E46254C42A2E103B000C9264 /* AppNotificaUITestsLaunchTests.swift */ = {isa = PBXFileReference; lastKnownFileType = sourcecode.swift; path = AppNotificaUITestsLaunchTests.swift; sourceTree = "<group>"; };
		E46254D32A2E1C58000C9264 /* Coordinator.swift */ = {isa = PBXFileReference; lastKnownFileType = sourcecode.swift; path = Coordinator.swift; sourceTree = "<group>"; };
		E46254D52A2E1D14000C9264 /* LoginCoordinator.swift */ = {isa = PBXFileReference; lastKnownFileType = sourcecode.swift; path = LoginCoordinator.swift; sourceTree = "<group>"; };
		E46254D92A2E2037000C9264 /* LoginView.swift */ = {isa = PBXFileReference; lastKnownFileType = sourcecode.swift; path = LoginView.swift; sourceTree = "<group>"; };
		E46254DB2A2E2061000C9264 /* LoginViewController.swift */ = {isa = PBXFileReference; lastKnownFileType = sourcecode.swift; path = LoginViewController.swift; sourceTree = "<group>"; };
/* End PBXFileReference section */

/* Begin PBXFrameworksBuildPhase section */
		E46254982A2E1037000C9264 /* Frameworks */ = {
			isa = PBXFrameworksBuildPhase;
			buildActionMask = 2147483647;
			files = (
			);
			runOnlyForDeploymentPostprocessing = 0;
		};
		E46254B12A2E103B000C9264 /* Frameworks */ = {
			isa = PBXFrameworksBuildPhase;
			buildActionMask = 2147483647;
			files = (
			);
			runOnlyForDeploymentPostprocessing = 0;
		};
		E46254BB2A2E103B000C9264 /* Frameworks */ = {
			isa = PBXFrameworksBuildPhase;
			buildActionMask = 2147483647;
			files = (
			);
			runOnlyForDeploymentPostprocessing = 0;
		};
/* End PBXFrameworksBuildPhase section */

/* Begin PBXGroup section */
		E45D05DD2A3B45DB00F834C1 /* Extensions */ = {
			isa = PBXGroup;
			children = (
				E45D05DE2A3B460200F834C1 /* UIcolor+.swift */,
			);
			path = Extensions;
			sourceTree = "<group>";
		};
		E45D05E02A3B462F00F834C1 /* Infrastructure */ = {
			isa = PBXGroup;
			children = (
				E45D05E12A3B464900F834C1 /* ButtonDefault.swift */,
				E45D05E32A3B466D00F834C1 /* ImageDefault.swift */,
				E45D05E62A3B46CF00F834C1 /* LabelDefault.swift */,
				E45D05E82A3B46F000F834C1 /* TextFieldDefault.swift */,
				E45D05FA2A40A1D600F834C1 /* ViewControllerDefault.swift */,
				E45D05FC2A41E75D00F834C1 /* ViewDefault.swift */,
			);
			path = Infrastructure;
			sourceTree = "<group>";
		};
		E45D05EA2A3B521800F834C1 /* Register */ = {
			isa = PBXGroup;
			children = (
				E45D05EB2A3B523A00F834C1 /* RegisterView.swift */,
				E45D05ED2A3B526D00F834C1 /* RegisterViewController.swift */,
			);
			path = Register;
			sourceTree = "<group>";
		};
		E45D05F12A40991700F834C1 /* Login */ = {
			isa = PBXGroup;
			children = (
				E46254DB2A2E2061000C9264 /* LoginViewController.swift */,
				E46254D92A2E2037000C9264 /* LoginView.swift */,
			);
			path = Login;
			sourceTree = "<group>";
		};
		E45D05F22A40996B00F834C1 /* Source */ = {
			isa = PBXGroup;
			children = (
				E45D05DD2A3B45DB00F834C1 /* Extensions */,
				E46254D22A2E1C30000C9264 /* Coordinator */,
				E46254D82A2E2017000C9264 /* Controller */,
				E45D05E02A3B462F00F834C1 /* Infrastructure */,
			);
			path = Source;
			sourceTree = "<group>";
		};
		E45D05F32A4099D600F834C1 /* Home */ = {
			isa = PBXGroup;
			children = (
				E45D05F42A409A0200F834C1 /* HomeView.swift */,
				E45D05F62A409A4000F834C1 /* HomeViewController.swift */,
			);
			path = Home;
			sourceTree = "<group>";
		};
		E45D05FE2A49BEB800F834C1 /* NovaOcorrencia */ = {
			isa = PBXGroup;
			children = (
				E45D06052A49C07700F834C1 /* NovaOcorrenciaView.swift */,
				E45D06072A49C0BA00F834C1 /* NovaOcorrenciaViewController.swift */,
			);
			path = NovaOcorrencia;
			sourceTree = "<group>";
		};
		E45D05FF2A49BED800F834C1 /* Sobre */ = {
			isa = PBXGroup;
			children = (
				E45D06032A49C04900F834C1 /* SobreView.swift */,
				E45D06092A49C0F700F834C1 /* SobreViewController.swift */,
			);
			path = Sobre;
			sourceTree = "<group>";
		};
		E45D06002A49BF9C00F834C1 /* TabBar */ = {
			isa = PBXGroup;
			children = (
				E45D06012A49BFF100F834C1 /* TabBarController.swift */,
			);
			path = TabBar;
			sourceTree = "<group>";
		};
		E46254922A2E1037000C9264 = {
			isa = PBXGroup;
			children = (
				E462549D2A2E1037000C9264 /* AppNotifica */,
				E46254B72A2E103B000C9264 /* AppNotificaTests */,
				E46254C12A2E103B000C9264 /* AppNotificaUITests */,
				E462549C2A2E1037000C9264 /* Products */,
			);
			sourceTree = "<group>";
		};
		E462549C2A2E1037000C9264 /* Products */ = {
			isa = PBXGroup;
			children = (
				E462549B2A2E1037000C9264 /* AppNotifica.app */,
				E46254B42A2E103B000C9264 /* AppNotificaTests.xctest */,
				E46254BE2A2E103B000C9264 /* AppNotificaUITests.xctest */,
			);
			name = Products;
			sourceTree = "<group>";
		};
		E462549D2A2E1037000C9264 /* AppNotifica */ = {
			isa = PBXGroup;
			children = (
				E45D05F22A40996B00F834C1 /* Source */,
				E46254D12A2E1751000C9264 /* Resource */,
				E46254AF2A2E103A000C9264 /* Info.plist */,
			);
			path = AppNotifica;
			sourceTree = "<group>";
		};
		E46254B72A2E103B000C9264 /* AppNotificaTests */ = {
			isa = PBXGroup;
			children = (
				E46254B82A2E103B000C9264 /* AppNotificaTests.swift */,
			);
			path = AppNotificaTests;
			sourceTree = "<group>";
		};
		E46254C12A2E103B000C9264 /* AppNotificaUITests */ = {
			isa = PBXGroup;
			children = (
				E46254C22A2E103B000C9264 /* AppNotificaUITests.swift */,
				E46254C42A2E103B000C9264 /* AppNotificaUITestsLaunchTests.swift */,
			);
			path = AppNotificaUITests;
			sourceTree = "<group>";
		};
		E46254D12A2E1751000C9264 /* Resource */ = {
			isa = PBXGroup;
			children = (
				E46254A72A2E1037000C9264 /* AppNotifica.xcdatamodeld */,
				E462549E2A2E1037000C9264 /* AppDelegate.swift */,
				E46254A02A2E1037000C9264 /* SceneDelegate.swift */,
				E46254A22A2E1037000C9264 /* ViewController.swift */,
				E46254A42A2E1037000C9264 /* Main.storyboard */,
				E46254AA2A2E103A000C9264 /* Assets.xcassets */,
				E46254AC2A2E103A000C9264 /* LaunchScreen.storyboard */,
			);
			path = Resource;
			sourceTree = "<group>";
		};
		E46254D22A2E1C30000C9264 /* Coordinator */ = {
			isa = PBXGroup;
			children = (
				E46254D32A2E1C58000C9264 /* Coordinator.swift */,
				E46254D52A2E1D14000C9264 /* LoginCoordinator.swift */,
				E45D05EF2A3B541400F834C1 /* RegisterCoordinator.swift */,
				E45D05F82A409A7800F834C1 /* HomeCoordinator.swift */,
				E45D060B2A49C15500F834C1 /* SobreCoordinator.swift */,
				E45D060D2A49C18100F834C1 /* TabBarCoordinator.swift */,
				E45D060F2A49C1BB00F834C1 /* NovaOcorrenciaCoordinator.swift */,
			);
			path = Coordinator;
			sourceTree = "<group>";
		};
		E46254D82A2E2017000C9264 /* Controller */ = {
			isa = PBXGroup;
			children = (
				E45D06002A49BF9C00F834C1 /* TabBar */,
				E45D05FF2A49BED800F834C1 /* Sobre */,
				E45D05FE2A49BEB800F834C1 /* NovaOcorrencia */,
				E45D05F32A4099D600F834C1 /* Home */,
				E45D05EA2A3B521800F834C1 /* Register */,
				E45D05F12A40991700F834C1 /* Login */,
			);
			path = Controller;
			sourceTree = "<group>";
		};
/* End PBXGroup section */

/* Begin PBXNativeTarget section */
		E462549A2A2E1037000C9264 /* AppNotifica */ = {
			isa = PBXNativeTarget;
			buildConfigurationList = E46254C82A2E103B000C9264 /* Build configuration list for PBXNativeTarget "AppNotifica" */;
			buildPhases = (
				E46254972A2E1037000C9264 /* Sources */,
				E46254982A2E1037000C9264 /* Frameworks */,
				E46254992A2E1037000C9264 /* Resources */,
			);
			buildRules = (
			);
			dependencies = (
			);
			name = AppNotifica;
			productName = AppNotifica;
			productReference = E462549B2A2E1037000C9264 /* AppNotifica.app */;
			productType = "com.apple.product-type.application";
		};
		E46254B32A2E103B000C9264 /* AppNotificaTests */ = {
			isa = PBXNativeTarget;
			buildConfigurationList = E46254CB2A2E103B000C9264 /* Build configuration list for PBXNativeTarget "AppNotificaTests" */;
			buildPhases = (
				E46254B02A2E103B000C9264 /* Sources */,
				E46254B12A2E103B000C9264 /* Frameworks */,
				E46254B22A2E103B000C9264 /* Resources */,
			);
			buildRules = (
			);
			dependencies = (
				E46254B62A2E103B000C9264 /* PBXTargetDependency */,
			);
			name = AppNotificaTests;
			productName = AppNotificaTests;
			productReference = E46254B42A2E103B000C9264 /* AppNotificaTests.xctest */;
			productType = "com.apple.product-type.bundle.unit-test";
		};
		E46254BD2A2E103B000C9264 /* AppNotificaUITests */ = {
			isa = PBXNativeTarget;
			buildConfigurationList = E46254CE2A2E103B000C9264 /* Build configuration list for PBXNativeTarget "AppNotificaUITests" */;
			buildPhases = (
				E46254BA2A2E103B000C9264 /* Sources */,
				E46254BB2A2E103B000C9264 /* Frameworks */,
				E46254BC2A2E103B000C9264 /* Resources */,
			);
			buildRules = (
			);
			dependencies = (
				E46254C02A2E103B000C9264 /* PBXTargetDependency */,
			);
			name = AppNotificaUITests;
			productName = AppNotificaUITests;
			productReference = E46254BE2A2E103B000C9264 /* AppNotificaUITests.xctest */;
			productType = "com.apple.product-type.bundle.ui-testing";
		};
/* End PBXNativeTarget section */

/* Begin PBXProject section */
		E46254932A2E1037000C9264 /* Project object */ = {
			isa = PBXProject;
			attributes = {
				BuildIndependentTargetsInParallel = 1;
				LastSwiftUpdateCheck = 1430;
				LastUpgradeCheck = 1430;
				TargetAttributes = {
					E462549A2A2E1037000C9264 = {
						CreatedOnToolsVersion = 14.3;
					};
					E46254B32A2E103B000C9264 = {
						CreatedOnToolsVersion = 14.3;
						TestTargetID = E462549A2A2E1037000C9264;
					};
					E46254BD2A2E103B000C9264 = {
						CreatedOnToolsVersion = 14.3;
						TestTargetID = E462549A2A2E1037000C9264;
					};
				};
			};
			buildConfigurationList = E46254962A2E1037000C9264 /* Build configuration list for PBXProject "AppNotifica" */;
			compatibilityVersion = "Xcode 14.0";
			developmentRegion = en;
			hasScannedForEncodings = 0;
			knownRegions = (
				en,
				Base,
			);
			mainGroup = E46254922A2E1037000C9264;
			productRefGroup = E462549C2A2E1037000C9264 /* Products */;
			projectDirPath = "";
			projectRoot = "";
			targets = (
				E462549A2A2E1037000C9264 /* AppNotifica */,
				E46254B32A2E103B000C9264 /* AppNotificaTests */,
				E46254BD2A2E103B000C9264 /* AppNotificaUITests */,
			);
		};
/* End PBXProject section */

/* Begin PBXResourcesBuildPhase section */
		E46254992A2E1037000C9264 /* Resources */ = {
			isa = PBXResourcesBuildPhase;
			buildActionMask = 2147483647;
			files = (
				E46254AE2A2E103A000C9264 /* LaunchScreen.storyboard in Resources */,
				E46254AB2A2E103A000C9264 /* Assets.xcassets in Resources */,
				E46254A62A2E1037000C9264 /* Main.storyboard in Resources */,
			);
			runOnlyForDeploymentPostprocessing = 0;
		};
		E46254B22A2E103B000C9264 /* Resources */ = {
			isa = PBXResourcesBuildPhase;
			buildActionMask = 2147483647;
			files = (
			);
			runOnlyForDeploymentPostprocessing = 0;
		};
		E46254BC2A2E103B000C9264 /* Resources */ = {
			isa = PBXResourcesBuildPhase;
			buildActionMask = 2147483647;
			files = (
			);
			runOnlyForDeploymentPostprocessing = 0;
		};
/* End PBXResourcesBuildPhase section */

/* Begin PBXSourcesBuildPhase section */
		E46254972A2E1037000C9264 /* Sources */ = {
			isa = PBXSourcesBuildPhase;
			buildActionMask = 2147483647;
			files = (
				E45D06082A49C0BA00F834C1 /* NovaOcorrenciaViewController.swift in Sources */,
				E46254D62A2E1D14000C9264 /* LoginCoordinator.swift in Sources */,
				E46254DA2A2E2037000C9264 /* LoginView.swift in Sources */,
				E45D06042A49C04900F834C1 /* SobreView.swift in Sources */,
				E45D06022A49BFF200F834C1 /* TabBarController.swift in Sources */,
				E45D060C2A49C15500F834C1 /* SobreCoordinator.swift in Sources */,
				E45D05FB2A40A1D600F834C1 /* ViewControllerDefault.swift in Sources */,
				E45D05E72A3B46CF00F834C1 /* LabelDefault.swift in Sources */,
				E45D05EC2A3B523A00F834C1 /* RegisterView.swift in Sources */,
				E45D06062A49C07700F834C1 /* NovaOcorrenciaView.swift in Sources */,
				E45D060E2A49C18100F834C1 /* TabBarCoordinator.swift in Sources */,
				E45D05E92A3B46F000F834C1 /* TextFieldDefault.swift in Sources */,
				E45D05F72A409A4000F834C1 /* HomeViewController.swift in Sources */,
				E46254A32A2E1037000C9264 /* ViewController.swift in Sources */,
				E45D05EE2A3B526D00F834C1 /* RegisterViewController.swift in Sources */,
				E462549F2A2E1037000C9264 /* AppDelegate.swift in Sources */,
				E46254DC2A2E2061000C9264 /* LoginViewController.swift in Sources */,
				E45D05FD2A41E75E00F834C1 /* ViewDefault.swift in Sources */,
				E45D06102A49C1BB00F834C1 /* NovaOcorrenciaCoordinator.swift in Sources */,
				E46254D42A2E1C58000C9264 /* Coordinator.swift in Sources */,
				E46254A92A2E1037000C9264 /* AppNotifica.xcdatamodeld in Sources */,
				E45D060A2A49C0F700F834C1 /* SobreViewController.swift in Sources */,
				E45D05E42A3B466D00F834C1 /* ImageDefault.swift in Sources */,
				E45D05E22A3B464900F834C1 /* ButtonDefault.swift in Sources */,
				E45D05F02A3B541400F834C1 /* RegisterCoordinator.swift in Sources */,
				E45D05F52A409A0200F834C1 /* HomeView.swift in Sources */,
				E45D05DF2A3B460200F834C1 /* UIcolor+.swift in Sources */,
				E46254A12A2E1037000C9264 /* SceneDelegate.swift in Sources */,
				E45D05F92A409A7800F834C1 /* HomeCoordinator.swift in Sources */,
			);
			runOnlyForDeploymentPostprocessing = 0;
		};
		E46254B02A2E103B000C9264 /* Sources */ = {
			isa = PBXSourcesBuildPhase;
			buildActionMask = 2147483647;
			files = (
				E46254B92A2E103B000C9264 /* AppNotificaTests.swift in Sources */,
			);
			runOnlyForDeploymentPostprocessing = 0;
		};
		E46254BA2A2E103B000C9264 /* Sources */ = {
			isa = PBXSourcesBuildPhase;
			buildActionMask = 2147483647;
			files = (
				E46254C32A2E103B000C9264 /* AppNotificaUITests.swift in Sources */,
				E46254C52A2E103B000C9264 /* AppNotificaUITestsLaunchTests.swift in Sources */,
			);
			runOnlyForDeploymentPostprocessing = 0;
		};
/* End PBXSourcesBuildPhase section */

/* Begin PBXTargetDependency section */
		E46254B62A2E103B000C9264 /* PBXTargetDependency */ = {
			isa = PBXTargetDependency;
			target = E462549A2A2E1037000C9264 /* AppNotifica */;
			targetProxy = E46254B52A2E103B000C9264 /* PBXContainerItemProxy */;
		};
		E46254C02A2E103B000C9264 /* PBXTargetDependency */ = {
			isa = PBXTargetDependency;
			target = E462549A2A2E1037000C9264 /* AppNotifica */;
			targetProxy = E46254BF2A2E103B000C9264 /* PBXContainerItemProxy */;
		};
/* End PBXTargetDependency section */

/* Begin PBXVariantGroup section */
		E46254A42A2E1037000C9264 /* Main.storyboard */ = {
			isa = PBXVariantGroup;
			children = (
				E46254A52A2E1037000C9264 /* Base */,
			);
			name = Main.storyboard;
			sourceTree = "<group>";
		};
		E46254AC2A2E103A000C9264 /* LaunchScreen.storyboard */ = {
			isa = PBXVariantGroup;
			children = (
				E46254AD2A2E103A000C9264 /* Base */,
			);
			name = LaunchScreen.storyboard;
			sourceTree = "<group>";
		};
/* End PBXVariantGroup section */

/* Begin XCBuildConfiguration section */
		E46254C62A2E103B000C9264 /* Debug */ = {
			isa = XCBuildConfiguration;
			buildSettings = {
				ALWAYS_SEARCH_USER_PATHS = NO;
				CLANG_ANALYZER_NONNULL = YES;
				CLANG_ANALYZER_NUMBER_OBJECT_CONVERSION = YES_AGGRESSIVE;
				CLANG_CXX_LANGUAGE_STANDARD = "gnu++20";
				CLANG_ENABLE_MODULES = YES;
				CLANG_ENABLE_OBJC_ARC = YES;
				CLANG_ENABLE_OBJC_WEAK = YES;
				CLANG_WARN_BLOCK_CAPTURE_AUTORELEASING = YES;
				CLANG_WARN_BOOL_CONVERSION = YES;
				CLANG_WARN_COMMA = YES;
				CLANG_WARN_CONSTANT_CONVERSION = YES;
				CLANG_WARN_DEPRECATED_OBJC_IMPLEMENTATIONS = YES;
				CLANG_WARN_DIRECT_OBJC_ISA_USAGE = YES_ERROR;
				CLANG_WARN_DOCUMENTATION_COMMENTS = YES;
				CLANG_WARN_EMPTY_BODY = YES;
				CLANG_WARN_ENUM_CONVERSION = YES;
				CLANG_WARN_INFINITE_RECURSION = YES;
				CLANG_WARN_INT_CONVERSION = YES;
				CLANG_WARN_NON_LITERAL_NULL_CONVERSION = YES;
				CLANG_WARN_OBJC_IMPLICIT_RETAIN_SELF = YES;
				CLANG_WARN_OBJC_LITERAL_CONVERSION = YES;
				CLANG_WARN_OBJC_ROOT_CLASS = YES_ERROR;
				CLANG_WARN_QUOTED_INCLUDE_IN_FRAMEWORK_HEADER = YES;
				CLANG_WARN_RANGE_LOOP_ANALYSIS = YES;
				CLANG_WARN_STRICT_PROTOTYPES = YES;
				CLANG_WARN_SUSPICIOUS_MOVE = YES;
				CLANG_WARN_UNGUARDED_AVAILABILITY = YES_AGGRESSIVE;
				CLANG_WARN_UNREACHABLE_CODE = YES;
				CLANG_WARN__DUPLICATE_METHOD_MATCH = YES;
				COPY_PHASE_STRIP = NO;
				DEBUG_INFORMATION_FORMAT = dwarf;
				ENABLE_STRICT_OBJC_MSGSEND = YES;
				ENABLE_TESTABILITY = YES;
				GCC_C_LANGUAGE_STANDARD = gnu11;
				GCC_DYNAMIC_NO_PIC = NO;
				GCC_NO_COMMON_BLOCKS = YES;
				GCC_OPTIMIZATION_LEVEL = 0;
				GCC_PREPROCESSOR_DEFINITIONS = (
					"DEBUG=1",
					"$(inherited)",
				);
				GCC_WARN_64_TO_32_BIT_CONVERSION = YES;
				GCC_WARN_ABOUT_RETURN_TYPE = YES_ERROR;
				GCC_WARN_UNDECLARED_SELECTOR = YES;
				GCC_WARN_UNINITIALIZED_AUTOS = YES_AGGRESSIVE;
				GCC_WARN_UNUSED_FUNCTION = YES;
				GCC_WARN_UNUSED_VARIABLE = YES;
				IPHONEOS_DEPLOYMENT_TARGET = 16.4;
				MTL_ENABLE_DEBUG_INFO = INCLUDE_SOURCE;
				MTL_FAST_MATH = YES;
				ONLY_ACTIVE_ARCH = YES;
				SDKROOT = iphoneos;
				SWIFT_ACTIVE_COMPILATION_CONDITIONS = DEBUG;
				SWIFT_OPTIMIZATION_LEVEL = "-Onone";
			};
			name = Debug;
		};
		E46254C72A2E103B000C9264 /* Release */ = {
			isa = XCBuildConfiguration;
			buildSettings = {
				ALWAYS_SEARCH_USER_PATHS = NO;
				CLANG_ANALYZER_NONNULL = YES;
				CLANG_ANALYZER_NUMBER_OBJECT_CONVERSION = YES_AGGRESSIVE;
				CLANG_CXX_LANGUAGE_STANDARD = "gnu++20";
				CLANG_ENABLE_MODULES = YES;
				CLANG_ENABLE_OBJC_ARC = YES;
				CLANG_ENABLE_OBJC_WEAK = YES;
				CLANG_WARN_BLOCK_CAPTURE_AUTORELEASING = YES;
				CLANG_WARN_BOOL_CONVERSION = YES;
				CLANG_WARN_COMMA = YES;
				CLANG_WARN_CONSTANT_CONVERSION = YES;
				CLANG_WARN_DEPRECATED_OBJC_IMPLEMENTATIONS = YES;
				CLANG_WARN_DIRECT_OBJC_ISA_USAGE = YES_ERROR;
				CLANG_WARN_DOCUMENTATION_COMMENTS = YES;
				CLANG_WARN_EMPTY_BODY = YES;
				CLANG_WARN_ENUM_CONVERSION = YES;
				CLANG_WARN_INFINITE_RECURSION = YES;
				CLANG_WARN_INT_CONVERSION = YES;
				CLANG_WARN_NON_LITERAL_NULL_CONVERSION = YES;
				CLANG_WARN_OBJC_IMPLICIT_RETAIN_SELF = YES;
				CLANG_WARN_OBJC_LITERAL_CONVERSION = YES;
				CLANG_WARN_OBJC_ROOT_CLASS = YES_ERROR;
				CLANG_WARN_QUOTED_INCLUDE_IN_FRAMEWORK_HEADER = YES;
				CLANG_WARN_RANGE_LOOP_ANALYSIS = YES;
				CLANG_WARN_STRICT_PROTOTYPES = YES;
				CLANG_WARN_SUSPICIOUS_MOVE = YES;
				CLANG_WARN_UNGUARDED_AVAILABILITY = YES_AGGRESSIVE;
				CLANG_WARN_UNREACHABLE_CODE = YES;
				CLANG_WARN__DUPLICATE_METHOD_MATCH = YES;
				COPY_PHASE_STRIP = NO;
				DEBUG_INFORMATION_FORMAT = "dwarf-with-dsym";
				ENABLE_NS_ASSERTIONS = NO;
				ENABLE_STRICT_OBJC_MSGSEND = YES;
				GCC_C_LANGUAGE_STANDARD = gnu11;
				GCC_NO_COMMON_BLOCKS = YES;
				GCC_WARN_64_TO_32_BIT_CONVERSION = YES;
				GCC_WARN_ABOUT_RETURN_TYPE = YES_ERROR;
				GCC_WARN_UNDECLARED_SELECTOR = YES;
				GCC_WARN_UNINITIALIZED_AUTOS = YES_AGGRESSIVE;
				GCC_WARN_UNUSED_FUNCTION = YES;
				GCC_WARN_UNUSED_VARIABLE = YES;
				IPHONEOS_DEPLOYMENT_TARGET = 16.4;
				MTL_ENABLE_DEBUG_INFO = NO;
				MTL_FAST_MATH = YES;
				SDKROOT = iphoneos;
				SWIFT_COMPILATION_MODE = wholemodule;
				SWIFT_OPTIMIZATION_LEVEL = "-O";
				VALIDATE_PRODUCT = YES;
			};
			name = Release;
		};
		E46254C92A2E103B000C9264 /* Debug */ = {
			isa = XCBuildConfiguration;
			buildSettings = {
				ASSETCATALOG_COMPILER_APPICON_NAME = AppIcon;
				ASSETCATALOG_COMPILER_GLOBAL_ACCENT_COLOR_NAME = AccentColor;
				CODE_SIGN_STYLE = Automatic;
				CURRENT_PROJECT_VERSION = 1;
				GENERATE_INFOPLIST_FILE = YES;
				INFOPLIST_FILE = AppNotifica/Info.plist;
				INFOPLIST_KEY_UIApplicationSupportsIndirectInputEvents = YES;
				INFOPLIST_KEY_UILaunchStoryboardName = LaunchScreen;
				INFOPLIST_KEY_UIMainStoryboardFile = Main;
				INFOPLIST_KEY_UISupportedInterfaceOrientations_iPad = "UIInterfaceOrientationPortrait UIInterfaceOrientationPortraitUpsideDown UIInterfaceOrientationLandscapeLeft UIInterfaceOrientationLandscapeRight";
				INFOPLIST_KEY_UISupportedInterfaceOrientations_iPhone = "UIInterfaceOrientationPortrait UIInterfaceOrientationLandscapeLeft UIInterfaceOrientationLandscapeRight";
				LD_RUNPATH_SEARCH_PATHS = (
					"$(inherited)",
					"@executable_path/Frameworks",
				);
				MARKETING_VERSION = 1.0;
				PRODUCT_BUNDLE_IDENTIFIER = br.edu.ifb.AppNotifica;
				PRODUCT_NAME = "$(TARGET_NAME)";
				SWIFT_EMIT_LOC_STRINGS = YES;
				SWIFT_VERSION = 5.0;
				TARGETED_DEVICE_FAMILY = "1,2";
			};
			name = Debug;
		};
		E46254CA2A2E103B000C9264 /* Release */ = {
			isa = XCBuildConfiguration;
			buildSettings = {
				ASSETCATALOG_COMPILER_APPICON_NAME = AppIcon;
				ASSETCATALOG_COMPILER_GLOBAL_ACCENT_COLOR_NAME = AccentColor;
				CODE_SIGN_STYLE = Automatic;
				CURRENT_PROJECT_VERSION = 1;
				GENERATE_INFOPLIST_FILE = YES;
				INFOPLIST_FILE = AppNotifica/Info.plist;
				INFOPLIST_KEY_UIApplicationSupportsIndirectInputEvents = YES;
				INFOPLIST_KEY_UILaunchStoryboardName = LaunchScreen;
				INFOPLIST_KEY_UIMainStoryboardFile = Main;
				INFOPLIST_KEY_UISupportedInterfaceOrientations_iPad = "UIInterfaceOrientationPortrait UIInterfaceOrientationPortraitUpsideDown UIInterfaceOrientationLandscapeLeft UIInterfaceOrientationLandscapeRight";
				INFOPLIST_KEY_UISupportedInterfaceOrientations_iPhone = "UIInterfaceOrientationPortrait UIInterfaceOrientationLandscapeLeft UIInterfaceOrientationLandscapeRight";
				LD_RUNPATH_SEARCH_PATHS = (
					"$(inherited)",
					"@executable_path/Frameworks",
				);
				MARKETING_VERSION = 1.0;
				PRODUCT_BUNDLE_IDENTIFIER = br.edu.ifb.AppNotifica;
				PRODUCT_NAME = "$(TARGET_NAME)";
				SWIFT_EMIT_LOC_STRINGS = YES;
				SWIFT_VERSION = 5.0;
				TARGETED_DEVICE_FAMILY = "1,2";
			};
			name = Release;
		};
		E46254CC2A2E103B000C9264 /* Debug */ = {
			isa = XCBuildConfiguration;
			buildSettings = {
				ALWAYS_EMBED_SWIFT_STANDARD_LIBRARIES = YES;
				BUNDLE_LOADER = "$(TEST_HOST)";
				CODE_SIGN_STYLE = Automatic;
				CURRENT_PROJECT_VERSION = 1;
				GENERATE_INFOPLIST_FILE = YES;
				IPHONEOS_DEPLOYMENT_TARGET = 16.4;
				MARKETING_VERSION = 1.0;
				PRODUCT_BUNDLE_IDENTIFIER = br.edu.ifb.AppNotificaTests;
				PRODUCT_NAME = "$(TARGET_NAME)";
				SWIFT_EMIT_LOC_STRINGS = NO;
				SWIFT_VERSION = 5.0;
				TARGETED_DEVICE_FAMILY = "1,2";
				TEST_HOST = "$(BUILT_PRODUCTS_DIR)/AppNotifica.app/$(BUNDLE_EXECUTABLE_FOLDER_PATH)/AppNotifica";
			};
			name = Debug;
		};
		E46254CD2A2E103B000C9264 /* Release */ = {
			isa = XCBuildConfiguration;
			buildSettings = {
				ALWAYS_EMBED_SWIFT_STANDARD_LIBRARIES = YES;
				BUNDLE_LOADER = "$(TEST_HOST)";
				CODE_SIGN_STYLE = Automatic;
				CURRENT_PROJECT_VERSION = 1;
				GENERATE_INFOPLIST_FILE = YES;
				IPHONEOS_DEPLOYMENT_TARGET = 16.4;
				MARKETING_VERSION = 1.0;
				PRODUCT_BUNDLE_IDENTIFIER = br.edu.ifb.AppNotificaTests;
				PRODUCT_NAME = "$(TARGET_NAME)";
				SWIFT_EMIT_LOC_STRINGS = NO;
				SWIFT_VERSION = 5.0;
				TARGETED_DEVICE_FAMILY = "1,2";
				TEST_HOST = "$(BUILT_PRODUCTS_DIR)/AppNotifica.app/$(BUNDLE_EXECUTABLE_FOLDER_PATH)/AppNotifica";
			};
			name = Release;
		};
		E46254CF2A2E103B000C9264 /* Debug */ = {
			isa = XCBuildConfiguration;
			buildSettings = {
				ALWAYS_EMBED_SWIFT_STANDARD_LIBRARIES = YES;
				CODE_SIGN_STYLE = Automatic;
				CURRENT_PROJECT_VERSION = 1;
				GENERATE_INFOPLIST_FILE = YES;
				MARKETING_VERSION = 1.0;
				PRODUCT_BUNDLE_IDENTIFIER = br.edu.ifb.AppNotificaUITests;
				PRODUCT_NAME = "$(TARGET_NAME)";
				SWIFT_EMIT_LOC_STRINGS = NO;
				SWIFT_VERSION = 5.0;
				TARGETED_DEVICE_FAMILY = "1,2";
				TEST_TARGET_NAME = AppNotifica;
			};
			name = Debug;
		};
		E46254D02A2E103B000C9264 /* Release */ = {
			isa = XCBuildConfiguration;
			buildSettings = {
				ALWAYS_EMBED_SWIFT_STANDARD_LIBRARIES = YES;
				CODE_SIGN_STYLE = Automatic;
				CURRENT_PROJECT_VERSION = 1;
				GENERATE_INFOPLIST_FILE = YES;
				MARKETING_VERSION = 1.0;
				PRODUCT_BUNDLE_IDENTIFIER = br.edu.ifb.AppNotificaUITests;
				PRODUCT_NAME = "$(TARGET_NAME)";
				SWIFT_EMIT_LOC_STRINGS = NO;
				SWIFT_VERSION = 5.0;
				TARGETED_DEVICE_FAMILY = "1,2";
				TEST_TARGET_NAME = AppNotifica;
			};
			name = Release;
		};
/* End XCBuildConfiguration section */

/* Begin XCConfigurationList section */
		E46254962A2E1037000C9264 /* Build configuration list for PBXProject "AppNotifica" */ = {
			isa = XCConfigurationList;
			buildConfigurations = (
				E46254C62A2E103B000C9264 /* Debug */,
				E46254C72A2E103B000C9264 /* Release */,
			);
			defaultConfigurationIsVisible = 0;
			defaultConfigurationName = Release;
		};
		E46254C82A2E103B000C9264 /* Build configuration list for PBXNativeTarget "AppNotifica" */ = {
			isa = XCConfigurationList;
			buildConfigurations = (
				E46254C92A2E103B000C9264 /* Debug */,
				E46254CA2A2E103B000C9264 /* Release */,
			);
			defaultConfigurationIsVisible = 0;
			defaultConfigurationName = Release;
		};
		E46254CB2A2E103B000C9264 /* Build configuration list for PBXNativeTarget "AppNotificaTests" */ = {
			isa = XCConfigurationList;
			buildConfigurations = (
				E46254CC2A2E103B000C9264 /* Debug */,
				E46254CD2A2E103B000C9264 /* Release */,
			);
			defaultConfigurationIsVisible = 0;
			defaultConfigurationName = Release;
		};
		E46254CE2A2E103B000C9264 /* Build configuration list for PBXNativeTarget "AppNotificaUITests" */ = {
			isa = XCConfigurationList;
			buildConfigurations = (
				E46254CF2A2E103B000C9264 /* Debug */,
				E46254D02A2E103B000C9264 /* Release */,
			);
			defaultConfigurationIsVisible = 0;
			defaultConfigurationName = Release;
		};
/* End XCConfigurationList section */

/* Begin XCVersionGroup section */
		E46254A72A2E1037000C9264 /* AppNotifica.xcdatamodeld */ = {
			isa = XCVersionGroup;
			children = (
				E46254A82A2E1037000C9264 /* AppNotifica.xcdatamodel */,
			);
			currentVersion = E46254A82A2E1037000C9264 /* AppNotifica.xcdatamodel */;
			path = AppNotifica.xcdatamodeld;
			sourceTree = "<group>";
			versionGroupType = wrapper.xcdatamodel;
		};
/* End XCVersionGroup section */
	};
	rootObject = E46254932A2E1037000C9264 /* Project object */;
}
